
Microsoft Visual Studio Solution File, Format Version 11.00
# Visual Studio 2010
Project("{FAE04EC0-301F-11D3-BF4B-00C04F79EFBC}") = "POS", "POS.csproj", "{92BDA3B6-C1A8-4C91-8465-4C650FA713ED}"
EndProject
Project("{F184B08F-C81C-45F6-A57F-5ABD9991F28F}") = "GTIDevices", "..\..\DLLs\GTIDevices\GTIDevices.vbproj", "{33D5AB40-F15B-4D0F-B98C-2BC7754BC90A}"
EndProject
Project("{FAE04EC0-301F-11D3-BF4B-00C04F79EFBC}") = "GTIControls", "..\..\DLLs\GTIControls\GTIControls.csproj", "{A2B9C7C4-AE7E-48DC-B39C-C9442CF017F6}"
EndProject
Project("{FAE04EC0-301F-11D3-BF4B-00C04F79EFBC}") = "ManagedEliteModule", "..\..\DLLs\ManagedEliteModule\ManagedEliteModule.csproj", "{308EF933-6B4E-48B2-9C54-85318FE50C63}"
EndProject
Project("{FAE04EC0-301F-11D3-BF4B-00C04F79EFBC}") = "PlayerCenter", "..\PlayerCenter\PlayerCenter.csproj", "{DA9C5336-0D07-4E3D-875C-4733331E1965}"
EndProject
Project("{FAE04EC0-301F-11D3-BF4B-00C04F79EFBC}") = "ReceiptMgmt", "..\ReceiptMgmt\ReceiptMgmt.csproj", "{584F2385-19FD-4A78-860D-1273B85643E3}"
EndProject
Project("{FAE04EC0-301F-11D3-BF4B-00C04F79EFBC}") = "UnitMgmt", "..\UnitMgmt\UnitMgmt.csproj", "{CE95ACDD-55C8-4977-B4FB-A4177556AF49}"
EndProject
Project("{FAE04EC0-301F-11D3-BF4B-00C04F79EFBC}") = "EliteBase", "..\..\DLLs\EliteBase\EliteBase.csproj", "{D4D6E9F2-A627-413E-9B45-A20E29680A84}"
EndProject
Project("{2150E333-8FDC-42A3-9474-1A3956D46DE8}") = "CreditCards", "CreditCards", "{AC8943C3-0BE3-4AAF-A81B-CEB937AB1D83}"
EndProject
Project("{FAE04EC0-301F-11D3-BF4B-00C04F79EFBC}") = "EliteCreditCards", "..\..\DLLs\EliteCreditCards\EliteCreditCards.csproj", "{C92E79FF-A41D-4D31-825B-62D5F74DFFFE}"
EndProject
Project("{2150E333-8FDC-42A3-9474-1A3956D46DE8}") = "Shift4", "Shift4", "{6F2A59BF-8C10-4F71-ADEC-7F25D684D99C}"
EndProject
Project("{FAE04EC0-301F-11D3-BF4B-00C04F79EFBC}") = "Shift4HttpInterface", "..\..\PaymentProcessing\Shift4\Shift4HttpInterface\Shift4HttpInterface.csproj", "{79D45592-C981-4CF7-A389-A1D304E50CB4}"
EndProject
Project("{FAE04EC0-301F-11D3-BF4B-00C04F79EFBC}") = "Shift4PaymentProcessing", "..\..\PaymentProcessing\Shift4\Shift4PaymentProcessing\Shift4PaymentProcessing.csproj", "{C4F9D393-A689-44A0-9DC9-8D4575CA242E}"
EndProject
Project("{FAE04EC0-301F-11D3-BF4B-00C04F79EFBC}") = "Shift4SystemInterface", "..\..\PaymentProcessing\Shift4\Shift4SystemInterface\Shift4SystemInterface.csproj", "{29136F7D-8434-4F3D-87EC-46EE385EFCB3}"
EndProject
Project("{FAE04EC0-301F-11D3-BF4B-00C04F79EFBC}") = "EliteOpticalMarkReaders", "..\..\DLLs\EliteOpticalMarkReaders\EliteOpticalMarkReaders.csproj", "{02A7D732-B25A-43DB-A8C7-503B0580A4C9}"
EndProject
Project("{FAE04EC0-301F-11D3-BF4B-00C04F79EFBC}") = "GuardianClientServer", "..\..\DLLs\GuardianClientServer\GuardianClientServer.csproj", "{9C3DDA94-474B-4A65-9C56-8D38B4F30B20}"
EndProject
Project("{FAE04EC0-301F-11D3-BF4B-00C04F79EFBC}") = "Guardian", "..\..\DLLs\Guardian\Guardian.csproj", "{DE31DFE9-EB41-4C6F-8B01-B26559EE8100}"
EndProject
Project("{FAE04EC0-301F-11D3-BF4B-00C04F79EFBC}") = "GeneralClientServer", "..\..\DLLs\GeneralClientServer\GeneralClientServer.csproj", "{BFD45D7A-2CA6-4229-B9FD-1892DE0A11AC}"
EndProject
Project("{FAE04EC0-301F-11D3-BF4B-00C04F79EFBC}") = "Board", "..\..\DLLs\Board\Board.csproj", "{137E18F7-77E9-40CF-B2F4-7BF99AA8C72A}"
EndProject
Project("{FAE04EC0-301F-11D3-BF4B-00C04F79EFBC}") = "FortunetLogger", "..\..\DLLs\FortunetLogger\FortunetLogger.csproj", "{4BF9523E-FE89-4752-9056-F09414734192}"
EndProject
Global
	GlobalSection(SolutionConfigurationPlatforms) = preSolution
		Debug|Any CPU = Debug|Any CPU
		Debug|Itanium = Debug|Itanium
		Debug|Mixed Platforms = Debug|Mixed Platforms
		Debug|Win32 = Debug|Win32
		Debug|x64 = Debug|x64
		Debug|x86 = Debug|x86
		Release|Any CPU = Release|Any CPU
		Release|Itanium = Release|Itanium
		Release|Mixed Platforms = Release|Mixed Platforms
		Release|Win32 = Release|Win32
		Release|x64 = Release|x64
		Release|x86 = Release|x86
		Template|Any CPU = Template|Any CPU
		Template|Itanium = Template|Itanium
		Template|Mixed Platforms = Template|Mixed Platforms
		Template|Win32 = Template|Win32
		Template|x64 = Template|x64
		Template|x86 = Template|x86
	EndGlobalSection
	GlobalSection(ProjectConfigurationPlatforms) = postSolution
		{92BDA3B6-C1A8-4C91-8465-4C650FA713ED}.Debug|Any CPU.ActiveCfg = Debug|Any CPU
		{92BDA3B6-C1A8-4C91-8465-4C650FA713ED}.Debug|Any CPU.Build.0 = Debug|Any CPU
		{92BDA3B6-C1A8-4C91-8465-4C650FA713ED}.Debug|Itanium.ActiveCfg = Debug|Any CPU
		{92BDA3B6-C1A8-4C91-8465-4C650FA713ED}.Debug|Mixed Platforms.ActiveCfg = Debug|Any CPU
		{92BDA3B6-C1A8-4C91-8465-4C650FA713ED}.Debug|Mixed Platforms.Build.0 = Debug|Any CPU
		{92BDA3B6-C1A8-4C91-8465-4C650FA713ED}.Debug|Win32.ActiveCfg = Debug|Any CPU
		{92BDA3B6-C1A8-4C91-8465-4C650FA713ED}.Debug|x64.ActiveCfg = Debug|Any CPU
		{92BDA3B6-C1A8-4C91-8465-4C650FA713ED}.Debug|x86.ActiveCfg = Debug|x86
		{92BDA3B6-C1A8-4C91-8465-4C650FA713ED}.Debug|x86.Build.0 = Debug|x86
		{92BDA3B6-C1A8-4C91-8465-4C650FA713ED}.Release|Any CPU.ActiveCfg = Release|Any CPU
		{92BDA3B6-C1A8-4C91-8465-4C650FA713ED}.Release|Any CPU.Build.0 = Release|Any CPU
		{92BDA3B6-C1A8-4C91-8465-4C650FA713ED}.Release|Itanium.ActiveCfg = Release|Any CPU
		{92BDA3B6-C1A8-4C91-8465-4C650FA713ED}.Release|Mixed Platforms.ActiveCfg = Release|Any CPU
		{92BDA3B6-C1A8-4C91-8465-4C650FA713ED}.Release|Mixed Platforms.Build.0 = Release|Any CPU
		{92BDA3B6-C1A8-4C91-8465-4C650FA713ED}.Release|Win32.ActiveCfg = Release|Any CPU
		{92BDA3B6-C1A8-4C91-8465-4C650FA713ED}.Release|x64.ActiveCfg = Release|Any CPU
		{92BDA3B6-C1A8-4C91-8465-4C650FA713ED}.Release|x86.ActiveCfg = Release|x86
		{92BDA3B6-C1A8-4C91-8465-4C650FA713ED}.Release|x86.Build.0 = Release|x86
		{92BDA3B6-C1A8-4C91-8465-4C650FA713ED}.Template|Any CPU.ActiveCfg = Release|Any CPU
		{92BDA3B6-C1A8-4C91-8465-4C650FA713ED}.Template|Any CPU.Build.0 = Release|Any CPU
		{92BDA3B6-C1A8-4C91-8465-4C650FA713ED}.Template|Itanium.ActiveCfg = Release|Any CPU
		{92BDA3B6-C1A8-4C91-8465-4C650FA713ED}.Template|Mixed Platforms.ActiveCfg = Release|Any CPU
		{92BDA3B6-C1A8-4C91-8465-4C650FA713ED}.Template|Mixed Platforms.Build.0 = Release|Any CPU
		{92BDA3B6-C1A8-4C91-8465-4C650FA713ED}.Template|Win32.ActiveCfg = Release|Any CPU
		{92BDA3B6-C1A8-4C91-8465-4C650FA713ED}.Template|x64.ActiveCfg = Release|Any CPU
		{92BDA3B6-C1A8-4C91-8465-4C650FA713ED}.Template|x86.ActiveCfg = Release|Any CPU
		{33D5AB40-F15B-4D0F-B98C-2BC7754BC90A}.Debug|Any CPU.ActiveCfg = Debug|Any CPU
		{33D5AB40-F15B-4D0F-B98C-2BC7754BC90A}.Debug|Any CPU.Build.0 = Debug|Any CPU
		{33D5AB40-F15B-4D0F-B98C-2BC7754BC90A}.Debug|Itanium.ActiveCfg = Debug|Any CPU
		{33D5AB40-F15B-4D0F-B98C-2BC7754BC90A}.Debug|Mixed Platforms.ActiveCfg = Debug|Any CPU
		{33D5AB40-F15B-4D0F-B98C-2BC7754BC90A}.Debug|Mixed Platforms.Build.0 = Debug|Any CPU
		{33D5AB40-F15B-4D0F-B98C-2BC7754BC90A}.Debug|Win32.ActiveCfg = Debug|Any CPU
		{33D5AB40-F15B-4D0F-B98C-2BC7754BC90A}.Debug|x64.ActiveCfg = Debug|Any CPU
		{33D5AB40-F15B-4D0F-B98C-2BC7754BC90A}.Debug|x86.ActiveCfg = Debug|x86
		{33D5AB40-F15B-4D0F-B98C-2BC7754BC90A}.Debug|x86.Build.0 = Debug|x86
		{33D5AB40-F15B-4D0F-B98C-2BC7754BC90A}.Release|Any CPU.ActiveCfg = Release|Any CPU
		{33D5AB40-F15B-4D0F-B98C-2BC7754BC90A}.Release|Any CPU.Build.0 = Release|Any CPU
		{33D5AB40-F15B-4D0F-B98C-2BC7754BC90A}.Release|Itanium.ActiveCfg = Release|Any CPU
		{33D5AB40-F15B-4D0F-B98C-2BC7754BC90A}.Release|Mixed Platforms.ActiveCfg = Release|Any CPU
		{33D5AB40-F15B-4D0F-B98C-2BC7754BC90A}.Release|Mixed Platforms.Build.0 = Release|Any CPU
		{33D5AB40-F15B-4D0F-B98C-2BC7754BC90A}.Release|Win32.ActiveCfg = Release|Any CPU
		{33D5AB40-F15B-4D0F-B98C-2BC7754BC90A}.Release|x64.ActiveCfg = Release|Any CPU
		{33D5AB40-F15B-4D0F-B98C-2BC7754BC90A}.Release|x86.ActiveCfg = Release|x86
		{33D5AB40-F15B-4D0F-B98C-2BC7754BC90A}.Release|x86.Build.0 = Release|x86
		{33D5AB40-F15B-4D0F-B98C-2BC7754BC90A}.Template|Any CPU.ActiveCfg = Release|Any CPU
		{33D5AB40-F15B-4D0F-B98C-2BC7754BC90A}.Template|Any CPU.Build.0 = Release|Any CPU
		{33D5AB40-F15B-4D0F-B98C-2BC7754BC90A}.Template|Itanium.ActiveCfg = Release|Any CPU
		{33D5AB40-F15B-4D0F-B98C-2BC7754BC90A}.Template|Mixed Platforms.ActiveCfg = Release|Any CPU
		{33D5AB40-F15B-4D0F-B98C-2BC7754BC90A}.Template|Mixed Platforms.Build.0 = Release|Any CPU
		{33D5AB40-F15B-4D0F-B98C-2BC7754BC90A}.Template|Win32.ActiveCfg = Release|Any CPU
		{33D5AB40-F15B-4D0F-B98C-2BC7754BC90A}.Template|x64.ActiveCfg = Release|Any CPU
		{33D5AB40-F15B-4D0F-B98C-2BC7754BC90A}.Template|x86.ActiveCfg = Release|Any CPU
		{A2B9C7C4-AE7E-48DC-B39C-C9442CF017F6}.Debug|Any CPU.ActiveCfg = Debug|Any CPU
		{A2B9C7C4-AE7E-48DC-B39C-C9442CF017F6}.Debug|Any CPU.Build.0 = Debug|Any CPU
		{A2B9C7C4-AE7E-48DC-B39C-C9442CF017F6}.Debug|Itanium.ActiveCfg = Debug|Any CPU
		{A2B9C7C4-AE7E-48DC-B39C-C9442CF017F6}.Debug|Mixed Platforms.ActiveCfg = Debug|Any CPU
		{A2B9C7C4-AE7E-48DC-B39C-C9442CF017F6}.Debug|Mixed Platforms.Build.0 = Debug|Any CPU
		{A2B9C7C4-AE7E-48DC-B39C-C9442CF017F6}.Debug|Win32.ActiveCfg = Debug|Any CPU
		{A2B9C7C4-AE7E-48DC-B39C-C9442CF017F6}.Debug|x64.ActiveCfg = Debug|Any CPU
		{A2B9C7C4-AE7E-48DC-B39C-C9442CF017F6}.Debug|x86.ActiveCfg = Debug|x86
		{A2B9C7C4-AE7E-48DC-B39C-C9442CF017F6}.Debug|x86.Build.0 = Debug|x86
		{A2B9C7C4-AE7E-48DC-B39C-C9442CF017F6}.Release|Any CPU.ActiveCfg = Release|Any CPU
		{A2B9C7C4-AE7E-48DC-B39C-C9442CF017F6}.Release|Any CPU.Build.0 = Release|Any CPU
		{A2B9C7C4-AE7E-48DC-B39C-C9442CF017F6}.Release|Itanium.ActiveCfg = Release|Any CPU
		{A2B9C7C4-AE7E-48DC-B39C-C9442CF017F6}.Release|Mixed Platforms.ActiveCfg = Release|Any CPU
		{A2B9C7C4-AE7E-48DC-B39C-C9442CF017F6}.Release|Mixed Platforms.Build.0 = Release|Any CPU
		{A2B9C7C4-AE7E-48DC-B39C-C9442CF017F6}.Release|Win32.ActiveCfg = Release|Any CPU
		{A2B9C7C4-AE7E-48DC-B39C-C9442CF017F6}.Release|x64.ActiveCfg = Release|Any CPU
		{A2B9C7C4-AE7E-48DC-B39C-C9442CF017F6}.Release|x86.ActiveCfg = Release|x86
		{A2B9C7C4-AE7E-48DC-B39C-C9442CF017F6}.Release|x86.Build.0 = Release|x86
		{A2B9C7C4-AE7E-48DC-B39C-C9442CF017F6}.Template|Any CPU.ActiveCfg = Release|Any CPU
		{A2B9C7C4-AE7E-48DC-B39C-C9442CF017F6}.Template|Any CPU.Build.0 = Release|Any CPU
		{A2B9C7C4-AE7E-48DC-B39C-C9442CF017F6}.Template|Itanium.ActiveCfg = Release|Any CPU
		{A2B9C7C4-AE7E-48DC-B39C-C9442CF017F6}.Template|Mixed Platforms.ActiveCfg = Release|Any CPU
		{A2B9C7C4-AE7E-48DC-B39C-C9442CF017F6}.Template|Mixed Platforms.Build.0 = Release|Any CPU
		{A2B9C7C4-AE7E-48DC-B39C-C9442CF017F6}.Template|Win32.ActiveCfg = Release|Any CPU
		{A2B9C7C4-AE7E-48DC-B39C-C9442CF017F6}.Template|x64.ActiveCfg = Release|Any CPU
		{A2B9C7C4-AE7E-48DC-B39C-C9442CF017F6}.Template|x86.ActiveCfg = Release|Any CPU
		{308EF933-6B4E-48B2-9C54-85318FE50C63}.Debug|Any CPU.ActiveCfg = Debug|Any CPU
		{308EF933-6B4E-48B2-9C54-85318FE50C63}.Debug|Any CPU.Build.0 = Debug|Any CPU
		{308EF933-6B4E-48B2-9C54-85318FE50C63}.Debug|Itanium.ActiveCfg = Debug|Any CPU
		{308EF933-6B4E-48B2-9C54-85318FE50C63}.Debug|Mixed Platforms.ActiveCfg = Debug|Any CPU
		{308EF933-6B4E-48B2-9C54-85318FE50C63}.Debug|Mixed Platforms.Build.0 = Debug|Any CPU
		{308EF933-6B4E-48B2-9C54-85318FE50C63}.Debug|Win32.ActiveCfg = Debug|Any CPU
		{308EF933-6B4E-48B2-9C54-85318FE50C63}.Debug|x64.ActiveCfg = Debug|Any CPU
		{308EF933-6B4E-48B2-9C54-85318FE50C63}.Debug|x86.ActiveCfg = Debug|x86
		{308EF933-6B4E-48B2-9C54-85318FE50C63}.Debug|x86.Build.0 = Debug|x86
		{308EF933-6B4E-48B2-9C54-85318FE50C63}.Release|Any CPU.ActiveCfg = Release|Any CPU
		{308EF933-6B4E-48B2-9C54-85318FE50C63}.Release|Any CPU.Build.0 = Release|Any CPU
		{308EF933-6B4E-48B2-9C54-85318FE50C63}.Release|Itanium.ActiveCfg = Release|Any CPU
		{308EF933-6B4E-48B2-9C54-85318FE50C63}.Release|Mixed Platforms.ActiveCfg = Release|Any CPU
		{308EF933-6B4E-48B2-9C54-85318FE50C63}.Release|Mixed Platforms.Build.0 = Release|Any CPU
		{308EF933-6B4E-48B2-9C54-85318FE50C63}.Release|Win32.ActiveCfg = Release|Any CPU
		{308EF933-6B4E-48B2-9C54-85318FE50C63}.Release|x64.ActiveCfg = Release|Any CPU
		{308EF933-6B4E-48B2-9C54-85318FE50C63}.Release|x86.ActiveCfg = Release|x86
		{308EF933-6B4E-48B2-9C54-85318FE50C63}.Release|x86.Build.0 = Release|x86
		{308EF933-6B4E-48B2-9C54-85318FE50C63}.Template|Any CPU.ActiveCfg = Release|Any CPU
		{308EF933-6B4E-48B2-9C54-85318FE50C63}.Template|Any CPU.Build.0 = Release|Any CPU
		{308EF933-6B4E-48B2-9C54-85318FE50C63}.Template|Itanium.ActiveCfg = Release|Any CPU
		{308EF933-6B4E-48B2-9C54-85318FE50C63}.Template|Mixed Platforms.ActiveCfg = Release|Any CPU
		{308EF933-6B4E-48B2-9C54-85318FE50C63}.Template|Mixed Platforms.Build.0 = Release|Any CPU
		{308EF933-6B4E-48B2-9C54-85318FE50C63}.Template|Win32.ActiveCfg = Release|Any CPU
		{308EF933-6B4E-48B2-9C54-85318FE50C63}.Template|x64.ActiveCfg = Release|Any CPU
		{308EF933-6B4E-48B2-9C54-85318FE50C63}.Template|x86.ActiveCfg = Release|Any CPU
		{DA9C5336-0D07-4E3D-875C-4733331E1965}.Debug|Any CPU.ActiveCfg = Debug|Any CPU
		{DA9C5336-0D07-4E3D-875C-4733331E1965}.Debug|Any CPU.Build.0 = Debug|Any CPU
		{DA9C5336-0D07-4E3D-875C-4733331E1965}.Debug|Itanium.ActiveCfg = Debug|Any CPU
		{DA9C5336-0D07-4E3D-875C-4733331E1965}.Debug|Mixed Platforms.ActiveCfg = Debug|Any CPU
		{DA9C5336-0D07-4E3D-875C-4733331E1965}.Debug|Mixed Platforms.Build.0 = Debug|Any CPU
		{DA9C5336-0D07-4E3D-875C-4733331E1965}.Debug|Win32.ActiveCfg = Debug|Any CPU
		{DA9C5336-0D07-4E3D-875C-4733331E1965}.Debug|x64.ActiveCfg = Debug|Any CPU
		{DA9C5336-0D07-4E3D-875C-4733331E1965}.Debug|x86.ActiveCfg = Debug|x86
		{DA9C5336-0D07-4E3D-875C-4733331E1965}.Debug|x86.Build.0 = Debug|x86
		{DA9C5336-0D07-4E3D-875C-4733331E1965}.Release|Any CPU.ActiveCfg = Release|Any CPU
		{DA9C5336-0D07-4E3D-875C-4733331E1965}.Release|Any CPU.Build.0 = Release|Any CPU
		{DA9C5336-0D07-4E3D-875C-4733331E1965}.Release|Itanium.ActiveCfg = Release|Any CPU
		{DA9C5336-0D07-4E3D-875C-4733331E1965}.Release|Mixed Platforms.ActiveCfg = Release|Any CPU
		{DA9C5336-0D07-4E3D-875C-4733331E1965}.Release|Mixed Platforms.Build.0 = Release|Any CPU
		{DA9C5336-0D07-4E3D-875C-4733331E1965}.Release|Win32.ActiveCfg = Release|Any CPU
		{DA9C5336-0D07-4E3D-875C-4733331E1965}.Release|x64.ActiveCfg = Release|Any CPU
		{DA9C5336-0D07-4E3D-875C-4733331E1965}.Release|x86.ActiveCfg = Release|x86
		{DA9C5336-0D07-4E3D-875C-4733331E1965}.Release|x86.Build.0 = Release|x86
		{DA9C5336-0D07-4E3D-875C-4733331E1965}.Template|Any CPU.ActiveCfg = Release|Any CPU
		{DA9C5336-0D07-4E3D-875C-4733331E1965}.Template|Any CPU.Build.0 = Release|Any CPU
		{DA9C5336-0D07-4E3D-875C-4733331E1965}.Template|Itanium.ActiveCfg = Release|Any CPU
		{DA9C5336-0D07-4E3D-875C-4733331E1965}.Template|Mixed Platforms.ActiveCfg = Release|Any CPU
		{DA9C5336-0D07-4E3D-875C-4733331E1965}.Template|Mixed Platforms.Build.0 = Release|Any CPU
		{DA9C5336-0D07-4E3D-875C-4733331E1965}.Template|Win32.ActiveCfg = Release|Any CPU
		{DA9C5336-0D07-4E3D-875C-4733331E1965}.Template|x64.ActiveCfg = Release|Any CPU
		{DA9C5336-0D07-4E3D-875C-4733331E1965}.Template|x86.ActiveCfg = Release|Any CPU
		{584F2385-19FD-4A78-860D-1273B85643E3}.Debug|Any CPU.ActiveCfg = Debug|Any CPU
		{584F2385-19FD-4A78-860D-1273B85643E3}.Debug|Any CPU.Build.0 = Debug|Any CPU
		{584F2385-19FD-4A78-860D-1273B85643E3}.Debug|Itanium.ActiveCfg = Debug|Any CPU
		{584F2385-19FD-4A78-860D-1273B85643E3}.Debug|Mixed Platforms.ActiveCfg = Debug|Any CPU
		{584F2385-19FD-4A78-860D-1273B85643E3}.Debug|Mixed Platforms.Build.0 = Debug|Any CPU
		{584F2385-19FD-4A78-860D-1273B85643E3}.Debug|Win32.ActiveCfg = Debug|Any CPU
		{584F2385-19FD-4A78-860D-1273B85643E3}.Debug|x64.ActiveCfg = Debug|Any CPU
		{584F2385-19FD-4A78-860D-1273B85643E3}.Debug|x86.ActiveCfg = Debug|x86
		{584F2385-19FD-4A78-860D-1273B85643E3}.Debug|x86.Build.0 = Debug|x86
		{584F2385-19FD-4A78-860D-1273B85643E3}.Release|Any CPU.ActiveCfg = Release|Any CPU
		{584F2385-19FD-4A78-860D-1273B85643E3}.Release|Any CPU.Build.0 = Release|Any CPU
		{584F2385-19FD-4A78-860D-1273B85643E3}.Release|Itanium.ActiveCfg = Release|Any CPU
		{584F2385-19FD-4A78-860D-1273B85643E3}.Release|Mixed Platforms.ActiveCfg = Release|Any CPU
		{584F2385-19FD-4A78-860D-1273B85643E3}.Release|Mixed Platforms.Build.0 = Release|Any CPU
		{584F2385-19FD-4A78-860D-1273B85643E3}.Release|Win32.ActiveCfg = Release|Any CPU
		{584F2385-19FD-4A78-860D-1273B85643E3}.Release|x64.ActiveCfg = Release|Any CPU
		{584F2385-19FD-4A78-860D-1273B85643E3}.Release|x86.ActiveCfg = Release|x86
		{584F2385-19FD-4A78-860D-1273B85643E3}.Release|x86.Build.0 = Release|x86
		{584F2385-19FD-4A78-860D-1273B85643E3}.Template|Any CPU.ActiveCfg = Release|Any CPU
		{584F2385-19FD-4A78-860D-1273B85643E3}.Template|Any CPU.Build.0 = Release|Any CPU
		{584F2385-19FD-4A78-860D-1273B85643E3}.Template|Itanium.ActiveCfg = Release|Any CPU
		{584F2385-19FD-4A78-860D-1273B85643E3}.Template|Mixed Platforms.ActiveCfg = Release|Any CPU
		{584F2385-19FD-4A78-860D-1273B85643E3}.Template|Mixed Platforms.Build.0 = Release|Any CPU
		{584F2385-19FD-4A78-860D-1273B85643E3}.Template|Win32.ActiveCfg = Release|Any CPU
		{584F2385-19FD-4A78-860D-1273B85643E3}.Template|x64.ActiveCfg = Release|Any CPU
		{584F2385-19FD-4A78-860D-1273B85643E3}.Template|x86.ActiveCfg = Release|Any CPU
		{CE95ACDD-55C8-4977-B4FB-A4177556AF49}.Debug|Any CPU.ActiveCfg = Debug|Any CPU
		{CE95ACDD-55C8-4977-B4FB-A4177556AF49}.Debug|Any CPU.Build.0 = Debug|Any CPU
		{CE95ACDD-55C8-4977-B4FB-A4177556AF49}.Debug|Itanium.ActiveCfg = Debug|Any CPU
		{CE95ACDD-55C8-4977-B4FB-A4177556AF49}.Debug|Mixed Platforms.ActiveCfg = Debug|Any CPU
		{CE95ACDD-55C8-4977-B4FB-A4177556AF49}.Debug|Mixed Platforms.Build.0 = Debug|Any CPU
		{CE95ACDD-55C8-4977-B4FB-A4177556AF49}.Debug|Win32.ActiveCfg = Debug|Any CPU
		{CE95ACDD-55C8-4977-B4FB-A4177556AF49}.Debug|x64.ActiveCfg = Debug|Any CPU
		{CE95ACDD-55C8-4977-B4FB-A4177556AF49}.Debug|x86.ActiveCfg = Debug|x86
		{CE95ACDD-55C8-4977-B4FB-A4177556AF49}.Debug|x86.Build.0 = Debug|x86
		{CE95ACDD-55C8-4977-B4FB-A4177556AF49}.Release|Any CPU.ActiveCfg = Release|Any CPU
		{CE95ACDD-55C8-4977-B4FB-A4177556AF49}.Release|Any CPU.Build.0 = Release|Any CPU
		{CE95ACDD-55C8-4977-B4FB-A4177556AF49}.Release|Itanium.ActiveCfg = Release|Any CPU
		{CE95ACDD-55C8-4977-B4FB-A4177556AF49}.Release|Mixed Platforms.ActiveCfg = Release|Any CPU
		{CE95ACDD-55C8-4977-B4FB-A4177556AF49}.Release|Mixed Platforms.Build.0 = Release|Any CPU
		{CE95ACDD-55C8-4977-B4FB-A4177556AF49}.Release|Win32.ActiveCfg = Release|Any CPU
		{CE95ACDD-55C8-4977-B4FB-A4177556AF49}.Release|x64.ActiveCfg = Release|Any CPU
		{CE95ACDD-55C8-4977-B4FB-A4177556AF49}.Release|x86.ActiveCfg = Release|x86
		{CE95ACDD-55C8-4977-B4FB-A4177556AF49}.Release|x86.Build.0 = Release|x86
		{CE95ACDD-55C8-4977-B4FB-A4177556AF49}.Template|Any CPU.ActiveCfg = Release|Any CPU
		{CE95ACDD-55C8-4977-B4FB-A4177556AF49}.Template|Any CPU.Build.0 = Release|Any CPU
		{CE95ACDD-55C8-4977-B4FB-A4177556AF49}.Template|Itanium.ActiveCfg = Release|Any CPU
		{CE95ACDD-55C8-4977-B4FB-A4177556AF49}.Template|Mixed Platforms.ActiveCfg = Release|Any CPU
		{CE95ACDD-55C8-4977-B4FB-A4177556AF49}.Template|Mixed Platforms.Build.0 = Release|Any CPU
		{CE95ACDD-55C8-4977-B4FB-A4177556AF49}.Template|Win32.ActiveCfg = Release|Any CPU
		{CE95ACDD-55C8-4977-B4FB-A4177556AF49}.Template|x64.ActiveCfg = Release|Any CPU
		{CE95ACDD-55C8-4977-B4FB-A4177556AF49}.Template|x86.ActiveCfg = Release|Any CPU
		{D4D6E9F2-A627-413E-9B45-A20E29680A84}.Debug|Any CPU.ActiveCfg = Debug|Any CPU
		{D4D6E9F2-A627-413E-9B45-A20E29680A84}.Debug|Any CPU.Build.0 = Debug|Any CPU
		{D4D6E9F2-A627-413E-9B45-A20E29680A84}.Debug|Itanium.ActiveCfg = Debug|Itanium
		{D4D6E9F2-A627-413E-9B45-A20E29680A84}.Debug|Itanium.Build.0 = Debug|Itanium
		{D4D6E9F2-A627-413E-9B45-A20E29680A84}.Debug|Mixed Platforms.ActiveCfg = Debug|Itanium
		{D4D6E9F2-A627-413E-9B45-A20E29680A84}.Debug|Mixed Platforms.Build.0 = Debug|Itanium
		{D4D6E9F2-A627-413E-9B45-A20E29680A84}.Debug|Win32.ActiveCfg = Debug|Itanium
		{D4D6E9F2-A627-413E-9B45-A20E29680A84}.Debug|x64.ActiveCfg = Debug|x86
		{D4D6E9F2-A627-413E-9B45-A20E29680A84}.Debug|x86.ActiveCfg = Debug|x86
		{D4D6E9F2-A627-413E-9B45-A20E29680A84}.Debug|x86.Build.0 = Debug|x86
		{D4D6E9F2-A627-413E-9B45-A20E29680A84}.Release|Any CPU.ActiveCfg = Release|Any CPU
		{D4D6E9F2-A627-413E-9B45-A20E29680A84}.Release|Any CPU.Build.0 = Release|Any CPU
		{D4D6E9F2-A627-413E-9B45-A20E29680A84}.Release|Itanium.ActiveCfg = Release|Itanium
		{D4D6E9F2-A627-413E-9B45-A20E29680A84}.Release|Itanium.Build.0 = Release|Itanium
		{D4D6E9F2-A627-413E-9B45-A20E29680A84}.Release|Mixed Platforms.ActiveCfg = Release|Itanium
		{D4D6E9F2-A627-413E-9B45-A20E29680A84}.Release|Mixed Platforms.Build.0 = Release|Itanium
		{D4D6E9F2-A627-413E-9B45-A20E29680A84}.Release|Win32.ActiveCfg = Release|Itanium
		{D4D6E9F2-A627-413E-9B45-A20E29680A84}.Release|x64.ActiveCfg = Release|x86
		{D4D6E9F2-A627-413E-9B45-A20E29680A84}.Release|x86.ActiveCfg = Release|x86
		{D4D6E9F2-A627-413E-9B45-A20E29680A84}.Release|x86.Build.0 = Release|x86
		{D4D6E9F2-A627-413E-9B45-A20E29680A84}.Template|Any CPU.ActiveCfg = Release|Itanium
		{D4D6E9F2-A627-413E-9B45-A20E29680A84}.Template|Itanium.ActiveCfg = Release|Itanium
		{D4D6E9F2-A627-413E-9B45-A20E29680A84}.Template|Itanium.Build.0 = Release|Itanium
		{D4D6E9F2-A627-413E-9B45-A20E29680A84}.Template|Mixed Platforms.ActiveCfg = Release|Itanium
		{D4D6E9F2-A627-413E-9B45-A20E29680A84}.Template|Mixed Platforms.Build.0 = Release|Itanium
		{D4D6E9F2-A627-413E-9B45-A20E29680A84}.Template|Win32.ActiveCfg = Release|Itanium
		{D4D6E9F2-A627-413E-9B45-A20E29680A84}.Template|x64.ActiveCfg = Release|Itanium
		{D4D6E9F2-A627-413E-9B45-A20E29680A84}.Template|x86.ActiveCfg = Release|Itanium
		{C92E79FF-A41D-4D31-825B-62D5F74DFFFE}.Debug|Any CPU.ActiveCfg = Debug|Any CPU
		{C92E79FF-A41D-4D31-825B-62D5F74DFFFE}.Debug|Any CPU.Build.0 = Debug|Any CPU
		{C92E79FF-A41D-4D31-825B-62D5F74DFFFE}.Debug|Itanium.ActiveCfg = Debug|Any CPU
		{C92E79FF-A41D-4D31-825B-62D5F74DFFFE}.Debug|Mixed Platforms.ActiveCfg = Debug|Any CPU
		{C92E79FF-A41D-4D31-825B-62D5F74DFFFE}.Debug|Mixed Platforms.Build.0 = Debug|Any CPU
		{C92E79FF-A41D-4D31-825B-62D5F74DFFFE}.Debug|Win32.ActiveCfg = Debug|Any CPU
		{C92E79FF-A41D-4D31-825B-62D5F74DFFFE}.Debug|x64.ActiveCfg = Debug|Any CPU
		{C92E79FF-A41D-4D31-825B-62D5F74DFFFE}.Debug|x86.ActiveCfg = Debug|x86
		{C92E79FF-A41D-4D31-825B-62D5F74DFFFE}.Debug|x86.Build.0 = Debug|x86
		{C92E79FF-A41D-4D31-825B-62D5F74DFFFE}.Release|Any CPU.ActiveCfg = Release|Any CPU
		{C92E79FF-A41D-4D31-825B-62D5F74DFFFE}.Release|Any CPU.Build.0 = Release|Any CPU
		{C92E79FF-A41D-4D31-825B-62D5F74DFFFE}.Release|Itanium.ActiveCfg = Release|Any CPU
		{C92E79FF-A41D-4D31-825B-62D5F74DFFFE}.Release|Mixed Platforms.ActiveCfg = Release|Any CPU
		{C92E79FF-A41D-4D31-825B-62D5F74DFFFE}.Release|Mixed Platforms.Build.0 = Release|Any CPU
		{C92E79FF-A41D-4D31-825B-62D5F74DFFFE}.Release|Win32.ActiveCfg = Release|Any CPU
		{C92E79FF-A41D-4D31-825B-62D5F74DFFFE}.Release|x64.ActiveCfg = Release|Any CPU
		{C92E79FF-A41D-4D31-825B-62D5F74DFFFE}.Release|x86.ActiveCfg = Release|x86
		{C92E79FF-A41D-4D31-825B-62D5F74DFFFE}.Release|x86.Build.0 = Release|x86
		{C92E79FF-A41D-4D31-825B-62D5F74DFFFE}.Template|Any CPU.ActiveCfg = Release|Any CPU
		{C92E79FF-A41D-4D31-825B-62D5F74DFFFE}.Template|Any CPU.Build.0 = Release|Any CPU
		{C92E79FF-A41D-4D31-825B-62D5F74DFFFE}.Template|Itanium.ActiveCfg = Release|Any CPU
		{C92E79FF-A41D-4D31-825B-62D5F74DFFFE}.Template|Mixed Platforms.ActiveCfg = Release|Any CPU
		{C92E79FF-A41D-4D31-825B-62D5F74DFFFE}.Template|Mixed Platforms.Build.0 = Release|Any CPU
		{C92E79FF-A41D-4D31-825B-62D5F74DFFFE}.Template|Win32.ActiveCfg = Release|Any CPU
		{C92E79FF-A41D-4D31-825B-62D5F74DFFFE}.Template|x64.ActiveCfg = Release|Any CPU
		{C92E79FF-A41D-4D31-825B-62D5F74DFFFE}.Template|x86.ActiveCfg = Release|Any CPU
		{79D45592-C981-4CF7-A389-A1D304E50CB4}.Debug|Any CPU.ActiveCfg = Debug|Any CPU
		{79D45592-C981-4CF7-A389-A1D304E50CB4}.Debug|Any CPU.Build.0 = Debug|Any CPU
		{79D45592-C981-4CF7-A389-A1D304E50CB4}.Debug|Itanium.ActiveCfg = Debug|Any CPU
		{79D45592-C981-4CF7-A389-A1D304E50CB4}.Debug|Mixed Platforms.ActiveCfg = Debug|Any CPU
		{79D45592-C981-4CF7-A389-A1D304E50CB4}.Debug|Mixed Platforms.Build.0 = Debug|Any CPU
		{79D45592-C981-4CF7-A389-A1D304E50CB4}.Debug|Win32.ActiveCfg = Debug|Any CPU
		{79D45592-C981-4CF7-A389-A1D304E50CB4}.Debug|x64.ActiveCfg = Debug|Any CPU
		{79D45592-C981-4CF7-A389-A1D304E50CB4}.Debug|x86.ActiveCfg = Debug|x86
		{79D45592-C981-4CF7-A389-A1D304E50CB4}.Debug|x86.Build.0 = Debug|x86
		{79D45592-C981-4CF7-A389-A1D304E50CB4}.Release|Any CPU.ActiveCfg = Release|Any CPU
		{79D45592-C981-4CF7-A389-A1D304E50CB4}.Release|Any CPU.Build.0 = Release|Any CPU
		{79D45592-C981-4CF7-A389-A1D304E50CB4}.Release|Itanium.ActiveCfg = Release|Any CPU
		{79D45592-C981-4CF7-A389-A1D304E50CB4}.Release|Mixed Platforms.ActiveCfg = Release|Any CPU
		{79D45592-C981-4CF7-A389-A1D304E50CB4}.Release|Mixed Platforms.Build.0 = Release|Any CPU
		{79D45592-C981-4CF7-A389-A1D304E50CB4}.Release|Win32.ActiveCfg = Release|Any CPU
		{79D45592-C981-4CF7-A389-A1D304E50CB4}.Release|x64.ActiveCfg = Release|Any CPU
		{79D45592-C981-4CF7-A389-A1D304E50CB4}.Release|x86.ActiveCfg = Release|x86
		{79D45592-C981-4CF7-A389-A1D304E50CB4}.Release|x86.Build.0 = Release|x86
		{79D45592-C981-4CF7-A389-A1D304E50CB4}.Template|Any CPU.ActiveCfg = Release|Any CPU
		{79D45592-C981-4CF7-A389-A1D304E50CB4}.Template|Any CPU.Build.0 = Release|Any CPU
		{79D45592-C981-4CF7-A389-A1D304E50CB4}.Template|Itanium.ActiveCfg = Release|Any CPU
		{79D45592-C981-4CF7-A389-A1D304E50CB4}.Template|Mixed Platforms.ActiveCfg = Release|Any CPU
		{79D45592-C981-4CF7-A389-A1D304E50CB4}.Template|Mixed Platforms.Build.0 = Release|Any CPU
		{79D45592-C981-4CF7-A389-A1D304E50CB4}.Template|Win32.ActiveCfg = Release|Any CPU
		{79D45592-C981-4CF7-A389-A1D304E50CB4}.Template|x64.ActiveCfg = Release|Any CPU
		{79D45592-C981-4CF7-A389-A1D304E50CB4}.Template|x86.ActiveCfg = Release|Any CPU
		{C4F9D393-A689-44A0-9DC9-8D4575CA242E}.Debug|Any CPU.ActiveCfg = Debug|Any CPU
		{C4F9D393-A689-44A0-9DC9-8D4575CA242E}.Debug|Any CPU.Build.0 = Debug|Any CPU
		{C4F9D393-A689-44A0-9DC9-8D4575CA242E}.Debug|Itanium.ActiveCfg = Debug|Any CPU
		{C4F9D393-A689-44A0-9DC9-8D4575CA242E}.Debug|Mixed Platforms.ActiveCfg = Debug|Any CPU
		{C4F9D393-A689-44A0-9DC9-8D4575CA242E}.Debug|Mixed Platforms.Build.0 = Debug|Any CPU
		{C4F9D393-A689-44A0-9DC9-8D4575CA242E}.Debug|Win32.ActiveCfg = Debug|Any CPU
		{C4F9D393-A689-44A0-9DC9-8D4575CA242E}.Debug|x64.ActiveCfg = Debug|Any CPU
		{C4F9D393-A689-44A0-9DC9-8D4575CA242E}.Debug|x86.ActiveCfg = Debug|x86
		{C4F9D393-A689-44A0-9DC9-8D4575CA242E}.Debug|x86.Build.0 = Debug|x86
		{C4F9D393-A689-44A0-9DC9-8D4575CA242E}.Release|Any CPU.ActiveCfg = Release|Any CPU
		{C4F9D393-A689-44A0-9DC9-8D4575CA242E}.Release|Any CPU.Build.0 = Release|Any CPU
		{C4F9D393-A689-44A0-9DC9-8D4575CA242E}.Release|Itanium.ActiveCfg = Release|Any CPU
		{C4F9D393-A689-44A0-9DC9-8D4575CA242E}.Release|Mixed Platforms.ActiveCfg = Release|Any CPU
		{C4F9D393-A689-44A0-9DC9-8D4575CA242E}.Release|Mixed Platforms.Build.0 = Release|Any CPU
		{C4F9D393-A689-44A0-9DC9-8D4575CA242E}.Release|Win32.ActiveCfg = Release|Any CPU
		{C4F9D393-A689-44A0-9DC9-8D4575CA242E}.Release|x64.ActiveCfg = Release|Any CPU
		{C4F9D393-A689-44A0-9DC9-8D4575CA242E}.Release|x86.ActiveCfg = Release|x86
		{C4F9D393-A689-44A0-9DC9-8D4575CA242E}.Release|x86.Build.0 = Release|x86
		{C4F9D393-A689-44A0-9DC9-8D4575CA242E}.Template|Any CPU.ActiveCfg = Release|Any CPU
		{C4F9D393-A689-44A0-9DC9-8D4575CA242E}.Template|Any CPU.Build.0 = Release|Any CPU
		{C4F9D393-A689-44A0-9DC9-8D4575CA242E}.Template|Itanium.ActiveCfg = Release|Any CPU
		{C4F9D393-A689-44A0-9DC9-8D4575CA242E}.Template|Mixed Platforms.ActiveCfg = Release|Any CPU
		{C4F9D393-A689-44A0-9DC9-8D4575CA242E}.Template|Mixed Platforms.Build.0 = Release|Any CPU
		{C4F9D393-A689-44A0-9DC9-8D4575CA242E}.Template|Win32.ActiveCfg = Release|Any CPU
		{C4F9D393-A689-44A0-9DC9-8D4575CA242E}.Template|x64.ActiveCfg = Release|Any CPU
		{C4F9D393-A689-44A0-9DC9-8D4575CA242E}.Template|x86.ActiveCfg = Release|Any CPU
		{29136F7D-8434-4F3D-87EC-46EE385EFCB3}.Debug|Any CPU.ActiveCfg = Debug|Any CPU
		{29136F7D-8434-4F3D-87EC-46EE385EFCB3}.Debug|Any CPU.Build.0 = Debug|Any CPU
		{29136F7D-8434-4F3D-87EC-46EE385EFCB3}.Debug|Itanium.ActiveCfg = Debug|Any CPU
		{29136F7D-8434-4F3D-87EC-46EE385EFCB3}.Debug|Mixed Platforms.ActiveCfg = Debug|Any CPU
		{29136F7D-8434-4F3D-87EC-46EE385EFCB3}.Debug|Mixed Platforms.Build.0 = Debug|Any CPU
		{29136F7D-8434-4F3D-87EC-46EE385EFCB3}.Debug|Win32.ActiveCfg = Debug|Any CPU
		{29136F7D-8434-4F3D-87EC-46EE385EFCB3}.Debug|x64.ActiveCfg = Debug|Any CPU
		{29136F7D-8434-4F3D-87EC-46EE385EFCB3}.Debug|x86.ActiveCfg = Debug|x86
		{29136F7D-8434-4F3D-87EC-46EE385EFCB3}.Debug|x86.Build.0 = Debug|x86
		{29136F7D-8434-4F3D-87EC-46EE385EFCB3}.Release|Any CPU.ActiveCfg = Release|Any CPU
		{29136F7D-8434-4F3D-87EC-46EE385EFCB3}.Release|Any CPU.Build.0 = Release|Any CPU
		{29136F7D-8434-4F3D-87EC-46EE385EFCB3}.Release|Itanium.ActiveCfg = Release|Any CPU
		{29136F7D-8434-4F3D-87EC-46EE385EFCB3}.Release|Mixed Platforms.ActiveCfg = Release|Any CPU
		{29136F7D-8434-4F3D-87EC-46EE385EFCB3}.Release|Mixed Platforms.Build.0 = Release|Any CPU
		{29136F7D-8434-4F3D-87EC-46EE385EFCB3}.Release|Win32.ActiveCfg = Release|Any CPU
		{29136F7D-8434-4F3D-87EC-46EE385EFCB3}.Release|x64.ActiveCfg = Release|Any CPU
		{29136F7D-8434-4F3D-87EC-46EE385EFCB3}.Release|x86.ActiveCfg = Release|x86
		{29136F7D-8434-4F3D-87EC-46EE385EFCB3}.Release|x86.Build.0 = Release|x86
		{29136F7D-8434-4F3D-87EC-46EE385EFCB3}.Template|Any CPU.ActiveCfg = Release|Any CPU
		{29136F7D-8434-4F3D-87EC-46EE385EFCB3}.Template|Any CPU.Build.0 = Release|Any CPU
		{29136F7D-8434-4F3D-87EC-46EE385EFCB3}.Template|Itanium.ActiveCfg = Release|Any CPU
		{29136F7D-8434-4F3D-87EC-46EE385EFCB3}.Template|Mixed Platforms.ActiveCfg = Release|Any CPU
		{29136F7D-8434-4F3D-87EC-46EE385EFCB3}.Template|Mixed Platforms.Build.0 = Release|Any CPU
		{29136F7D-8434-4F3D-87EC-46EE385EFCB3}.Template|Win32.ActiveCfg = Release|Any CPU
		{29136F7D-8434-4F3D-87EC-46EE385EFCB3}.Template|x64.ActiveCfg = Release|Any CPU
		{29136F7D-8434-4F3D-87EC-46EE385EFCB3}.Template|x86.ActiveCfg = Release|Any CPU
		{02A7D732-B25A-43DB-A8C7-503B0580A4C9}.Debug|Any CPU.ActiveCfg = Debug|Any CPU
		{02A7D732-B25A-43DB-A8C7-503B0580A4C9}.Debug|Any CPU.Build.0 = Debug|Any CPU
		{02A7D732-B25A-43DB-A8C7-503B0580A4C9}.Debug|Itanium.ActiveCfg = Debug|Any CPU
		{02A7D732-B25A-43DB-A8C7-503B0580A4C9}.Debug|Mixed Platforms.ActiveCfg = Debug|Any CPU
		{02A7D732-B25A-43DB-A8C7-503B0580A4C9}.Debug|Mixed Platforms.Build.0 = Debug|Any CPU
		{02A7D732-B25A-43DB-A8C7-503B0580A4C9}.Debug|Win32.ActiveCfg = Debug|Any CPU
		{02A7D732-B25A-43DB-A8C7-503B0580A4C9}.Debug|x64.ActiveCfg = Debug|Any CPU
		{02A7D732-B25A-43DB-A8C7-503B0580A4C9}.Debug|x86.ActiveCfg = Debug|x86
		{02A7D732-B25A-43DB-A8C7-503B0580A4C9}.Debug|x86.Build.0 = Debug|x86
		{02A7D732-B25A-43DB-A8C7-503B0580A4C9}.Release|Any CPU.ActiveCfg = Release|Any CPU
		{02A7D732-B25A-43DB-A8C7-503B0580A4C9}.Release|Any CPU.Build.0 = Release|Any CPU
		{02A7D732-B25A-43DB-A8C7-503B0580A4C9}.Release|Itanium.ActiveCfg = Release|Any CPU
		{02A7D732-B25A-43DB-A8C7-503B0580A4C9}.Release|Mixed Platforms.ActiveCfg = Release|Any CPU
		{02A7D732-B25A-43DB-A8C7-503B0580A4C9}.Release|Mixed Platforms.Build.0 = Release|Any CPU
		{02A7D732-B25A-43DB-A8C7-503B0580A4C9}.Release|Win32.ActiveCfg = Release|Any CPU
		{02A7D732-B25A-43DB-A8C7-503B0580A4C9}.Release|x64.ActiveCfg = Release|Any CPU
		{02A7D732-B25A-43DB-A8C7-503B0580A4C9}.Release|x86.ActiveCfg = Release|x86
		{02A7D732-B25A-43DB-A8C7-503B0580A4C9}.Release|x86.Build.0 = Release|x86
		{02A7D732-B25A-43DB-A8C7-503B0580A4C9}.Template|Any CPU.ActiveCfg = Release|Any CPU
		{02A7D732-B25A-43DB-A8C7-503B0580A4C9}.Template|Any CPU.Build.0 = Release|Any CPU
		{02A7D732-B25A-43DB-A8C7-503B0580A4C9}.Template|Itanium.ActiveCfg = Release|Any CPU
		{02A7D732-B25A-43DB-A8C7-503B0580A4C9}.Template|Mixed Platforms.ActiveCfg = Release|Any CPU
		{02A7D732-B25A-43DB-A8C7-503B0580A4C9}.Template|Mixed Platforms.Build.0 = Release|Any CPU
		{02A7D732-B25A-43DB-A8C7-503B0580A4C9}.Template|Win32.ActiveCfg = Release|Any CPU
		{02A7D732-B25A-43DB-A8C7-503B0580A4C9}.Template|x64.ActiveCfg = Release|Any CPU
		{02A7D732-B25A-43DB-A8C7-503B0580A4C9}.Template|x86.ActiveCfg = Release|Any CPU
		{9C3DDA94-474B-4A65-9C56-8D38B4F30B20}.Debug|Any CPU.ActiveCfg = Debug|Any CPU
		{9C3DDA94-474B-4A65-9C56-8D38B4F30B20}.Debug|Any CPU.Build.0 = Debug|Any CPU
		{9C3DDA94-474B-4A65-9C56-8D38B4F30B20}.Debug|Itanium.ActiveCfg = Debug|x64
		{9C3DDA94-474B-4A65-9C56-8D38B4F30B20}.Debug|Mixed Platforms.ActiveCfg = Debug|x64
		{9C3DDA94-474B-4A65-9C56-8D38B4F30B20}.Debug|Mixed Platforms.Build.0 = Debug|x64
		{9C3DDA94-474B-4A65-9C56-8D38B4F30B20}.Debug|Win32.ActiveCfg = Debug|x64
		{9C3DDA94-474B-4A65-9C56-8D38B4F30B20}.Debug|x64.ActiveCfg = Debug|x64
		{9C3DDA94-474B-4A65-9C56-8D38B4F30B20}.Debug|x64.Build.0 = Debug|x64
		{9C3DDA94-474B-4A65-9C56-8D38B4F30B20}.Debug|x86.ActiveCfg = Debug|x86
		{9C3DDA94-474B-4A65-9C56-8D38B4F30B20}.Debug|x86.Build.0 = Debug|x86
		{9C3DDA94-474B-4A65-9C56-8D38B4F30B20}.Release|Any CPU.ActiveCfg = Release|Any CPU
		{9C3DDA94-474B-4A65-9C56-8D38B4F30B20}.Release|Any CPU.Build.0 = Release|Any CPU
		{9C3DDA94-474B-4A65-9C56-8D38B4F30B20}.Release|Itanium.ActiveCfg = Release|x64
		{9C3DDA94-474B-4A65-9C56-8D38B4F30B20}.Release|Mixed Platforms.ActiveCfg = Release|x64
		{9C3DDA94-474B-4A65-9C56-8D38B4F30B20}.Release|Mixed Platforms.Build.0 = Release|x64
		{9C3DDA94-474B-4A65-9C56-8D38B4F30B20}.Release|Win32.ActiveCfg = Release|x64
		{9C3DDA94-474B-4A65-9C56-8D38B4F30B20}.Release|x64.ActiveCfg = Release|x64
		{9C3DDA94-474B-4A65-9C56-8D38B4F30B20}.Release|x64.Build.0 = Release|x64
		{9C3DDA94-474B-4A65-9C56-8D38B4F30B20}.Release|x86.ActiveCfg = Release|x86
		{9C3DDA94-474B-4A65-9C56-8D38B4F30B20}.Release|x86.Build.0 = Release|x86
		{9C3DDA94-474B-4A65-9C56-8D38B4F30B20}.Template|Any CPU.ActiveCfg = Release|x64
		{9C3DDA94-474B-4A65-9C56-8D38B4F30B20}.Template|Itanium.ActiveCfg = Release|x64
		{9C3DDA94-474B-4A65-9C56-8D38B4F30B20}.Template|Mixed Platforms.ActiveCfg = Release|x64
		{9C3DDA94-474B-4A65-9C56-8D38B4F30B20}.Template|Mixed Platforms.Build.0 = Release|x64
		{9C3DDA94-474B-4A65-9C56-8D38B4F30B20}.Template|Win32.ActiveCfg = Release|x64
		{9C3DDA94-474B-4A65-9C56-8D38B4F30B20}.Template|x64.ActiveCfg = Release|x64
		{9C3DDA94-474B-4A65-9C56-8D38B4F30B20}.Template|x64.Build.0 = Release|x64
		{9C3DDA94-474B-4A65-9C56-8D38B4F30B20}.Template|x86.ActiveCfg = Release|x64
		{DE31DFE9-EB41-4C6F-8B01-B26559EE8100}.Debug|Any CPU.ActiveCfg = Debug|Any CPU
		{DE31DFE9-EB41-4C6F-8B01-B26559EE8100}.Debug|Any CPU.Build.0 = Debug|Any CPU
		{DE31DFE9-EB41-4C6F-8B01-B26559EE8100}.Debug|Itanium.ActiveCfg = Debug|x86
		{DE31DFE9-EB41-4C6F-8B01-B26559EE8100}.Debug|Mixed Platforms.ActiveCfg = Debug|x86
		{DE31DFE9-EB41-4C6F-8B01-B26559EE8100}.Debug|Mixed Platforms.Build.0 = Debug|x86
		{DE31DFE9-EB41-4C6F-8B01-B26559EE8100}.Debug|Win32.ActiveCfg = Debug|x86
		{DE31DFE9-EB41-4C6F-8B01-B26559EE8100}.Debug|x64.ActiveCfg = Debug|x64
		{DE31DFE9-EB41-4C6F-8B01-B26559EE8100}.Debug|x64.Build.0 = Debug|x64
		{DE31DFE9-EB41-4C6F-8B01-B26559EE8100}.Debug|x86.ActiveCfg = Debug|x86
		{DE31DFE9-EB41-4C6F-8B01-B26559EE8100}.Debug|x86.Build.0 = Debug|x86
		{DE31DFE9-EB41-4C6F-8B01-B26559EE8100}.Release|Any CPU.ActiveCfg = Release|Any CPU
		{DE31DFE9-EB41-4C6F-8B01-B26559EE8100}.Release|Any CPU.Build.0 = Release|Any CPU
		{DE31DFE9-EB41-4C6F-8B01-B26559EE8100}.Release|Itanium.ActiveCfg = Release|x86
		{DE31DFE9-EB41-4C6F-8B01-B26559EE8100}.Release|Mixed Platforms.ActiveCfg = Release|x86
		{DE31DFE9-EB41-4C6F-8B01-B26559EE8100}.Release|Mixed Platforms.Build.0 = Release|x86
		{DE31DFE9-EB41-4C6F-8B01-B26559EE8100}.Release|Win32.ActiveCfg = Release|x86
		{DE31DFE9-EB41-4C6F-8B01-B26559EE8100}.Release|x64.ActiveCfg = Release|x64
		{DE31DFE9-EB41-4C6F-8B01-B26559EE8100}.Release|x64.Build.0 = Release|x64
		{DE31DFE9-EB41-4C6F-8B01-B26559EE8100}.Release|x86.ActiveCfg = Release|x86
		{DE31DFE9-EB41-4C6F-8B01-B26559EE8100}.Release|x86.Build.0 = Release|x86
		{DE31DFE9-EB41-4C6F-8B01-B26559EE8100}.Template|Any CPU.ActiveCfg = Release|x86
		{DE31DFE9-EB41-4C6F-8B01-B26559EE8100}.Template|Itanium.ActiveCfg = Release|x86
		{DE31DFE9-EB41-4C6F-8B01-B26559EE8100}.Template|Mixed Platforms.ActiveCfg = Release|x86
		{DE31DFE9-EB41-4C6F-8B01-B26559EE8100}.Template|Mixed Platforms.Build.0 = Release|x86
		{DE31DFE9-EB41-4C6F-8B01-B26559EE8100}.Template|Win32.ActiveCfg = Release|x86
		{DE31DFE9-EB41-4C6F-8B01-B26559EE8100}.Template|x64.ActiveCfg = Release|x86
		{DE31DFE9-EB41-4C6F-8B01-B26559EE8100}.Template|x86.ActiveCfg = Release|x86
		{DE31DFE9-EB41-4C6F-8B01-B26559EE8100}.Template|x86.Build.0 = Release|x86
		{BFD45D7A-2CA6-4229-B9FD-1892DE0A11AC}.Debug|Any CPU.ActiveCfg = Debug|Any CPU
		{BFD45D7A-2CA6-4229-B9FD-1892DE0A11AC}.Debug|Any CPU.Build.0 = Debug|Any CPU
		{BFD45D7A-2CA6-4229-B9FD-1892DE0A11AC}.Debug|Itanium.ActiveCfg = Debug|x86
		{BFD45D7A-2CA6-4229-B9FD-1892DE0A11AC}.Debug|Mixed Platforms.ActiveCfg = Debug|x86
		{BFD45D7A-2CA6-4229-B9FD-1892DE0A11AC}.Debug|Mixed Platforms.Build.0 = Debug|x86
		{BFD45D7A-2CA6-4229-B9FD-1892DE0A11AC}.Debug|Win32.ActiveCfg = Debug|x86
		{BFD45D7A-2CA6-4229-B9FD-1892DE0A11AC}.Debug|x64.ActiveCfg = Debug|x64
		{BFD45D7A-2CA6-4229-B9FD-1892DE0A11AC}.Debug|x64.Build.0 = Debug|x64
		{BFD45D7A-2CA6-4229-B9FD-1892DE0A11AC}.Debug|x86.ActiveCfg = Debug|x86
		{BFD45D7A-2CA6-4229-B9FD-1892DE0A11AC}.Debug|x86.Build.0 = Debug|x86
		{BFD45D7A-2CA6-4229-B9FD-1892DE0A11AC}.Release|Any CPU.ActiveCfg = Release|Any CPU
		{BFD45D7A-2CA6-4229-B9FD-1892DE0A11AC}.Release|Any CPU.Build.0 = Release|Any CPU
		{BFD45D7A-2CA6-4229-B9FD-1892DE0A11AC}.Release|Itanium.ActiveCfg = Release|x86
		{BFD45D7A-2CA6-4229-B9FD-1892DE0A11AC}.Release|Mixed Platforms.ActiveCfg = Release|x86
		{BFD45D7A-2CA6-4229-B9FD-1892DE0A11AC}.Release|Mixed Platforms.Build.0 = Release|x86
		{BFD45D7A-2CA6-4229-B9FD-1892DE0A11AC}.Release|Win32.ActiveCfg = Release|x86
		{BFD45D7A-2CA6-4229-B9FD-1892DE0A11AC}.Release|x64.ActiveCfg = Release|x64
		{BFD45D7A-2CA6-4229-B9FD-1892DE0A11AC}.Release|x64.Build.0 = Release|x64
		{BFD45D7A-2CA6-4229-B9FD-1892DE0A11AC}.Release|x86.ActiveCfg = Release|x86
		{BFD45D7A-2CA6-4229-B9FD-1892DE0A11AC}.Release|x86.Build.0 = Release|x86
		{BFD45D7A-2CA6-4229-B9FD-1892DE0A11AC}.Template|Any CPU.ActiveCfg = Release|x86
		{BFD45D7A-2CA6-4229-B9FD-1892DE0A11AC}.Template|Itanium.ActiveCfg = Release|x86
		{BFD45D7A-2CA6-4229-B9FD-1892DE0A11AC}.Template|Mixed Platforms.ActiveCfg = Release|x86
		{BFD45D7A-2CA6-4229-B9FD-1892DE0A11AC}.Template|Mixed Platforms.Build.0 = Release|x86
		{BFD45D7A-2CA6-4229-B9FD-1892DE0A11AC}.Template|Win32.ActiveCfg = Release|x86
		{BFD45D7A-2CA6-4229-B9FD-1892DE0A11AC}.Template|x64.ActiveCfg = Release|x86
		{BFD45D7A-2CA6-4229-B9FD-1892DE0A11AC}.Template|x86.ActiveCfg = Release|x86
		{BFD45D7A-2CA6-4229-B9FD-1892DE0A11AC}.Template|x86.Build.0 = Release|x86
		{137E18F7-77E9-40CF-B2F4-7BF99AA8C72A}.Debug|Any CPU.ActiveCfg = Debug|Any CPU
		{137E18F7-77E9-40CF-B2F4-7BF99AA8C72A}.Debug|Any CPU.Build.0 = Debug|Any CPU
		{137E18F7-77E9-40CF-B2F4-7BF99AA8C72A}.Debug|Itanium.ActiveCfg = Debug|x86
		{137E18F7-77E9-40CF-B2F4-7BF99AA8C72A}.Debug|Mixed Platforms.ActiveCfg = Debug|x86
		{137E18F7-77E9-40CF-B2F4-7BF99AA8C72A}.Debug|Mixed Platforms.Build.0 = Debug|x86
		{137E18F7-77E9-40CF-B2F4-7BF99AA8C72A}.Debug|Win32.ActiveCfg = Debug|x86
		{137E18F7-77E9-40CF-B2F4-7BF99AA8C72A}.Debug|x64.ActiveCfg = Debug|x64
		{137E18F7-77E9-40CF-B2F4-7BF99AA8C72A}.Debug|x64.Build.0 = Debug|x64
		{137E18F7-77E9-40CF-B2F4-7BF99AA8C72A}.Debug|x86.ActiveCfg = Debug|x86
		{137E18F7-77E9-40CF-B2F4-7BF99AA8C72A}.Debug|x86.Build.0 = Debug|x86
		{137E18F7-77E9-40CF-B2F4-7BF99AA8C72A}.Release|Any CPU.ActiveCfg = Release|Any CPU
		{137E18F7-77E9-40CF-B2F4-7BF99AA8C72A}.Release|Any CPU.Build.0 = Release|Any CPU
		{137E18F7-77E9-40CF-B2F4-7BF99AA8C72A}.Release|Itanium.ActiveCfg = Release|x86
		{137E18F7-77E9-40CF-B2F4-7BF99AA8C72A}.Release|Mixed Platforms.ActiveCfg = Release|x86
		{137E18F7-77E9-40CF-B2F4-7BF99AA8C72A}.Release|Mixed Platforms.Build.0 = Release|x86
		{137E18F7-77E9-40CF-B2F4-7BF99AA8C72A}.Release|Win32.ActiveCfg = Release|x86
		{137E18F7-77E9-40CF-B2F4-7BF99AA8C72A}.Release|x64.ActiveCfg = Release|x64
		{137E18F7-77E9-40CF-B2F4-7BF99AA8C72A}.Release|x64.Build.0 = Release|x64
		{137E18F7-77E9-40CF-B2F4-7BF99AA8C72A}.Release|x86.ActiveCfg = Release|x86
		{137E18F7-77E9-40CF-B2F4-7BF99AA8C72A}.Release|x86.Build.0 = Release|x86
		{137E18F7-77E9-40CF-B2F4-7BF99AA8C72A}.Template|Any CPU.ActiveCfg = Release|x86
		{137E18F7-77E9-40CF-B2F4-7BF99AA8C72A}.Template|Itanium.ActiveCfg = Release|x86
		{137E18F7-77E9-40CF-B2F4-7BF99AA8C72A}.Template|Mixed Platforms.ActiveCfg = Release|x86
		{137E18F7-77E9-40CF-B2F4-7BF99AA8C72A}.Template|Mixed Platforms.Build.0 = Release|x86
		{137E18F7-77E9-40CF-B2F4-7BF99AA8C72A}.Template|Win32.ActiveCfg = Release|x86
		{137E18F7-77E9-40CF-B2F4-7BF99AA8C72A}.Template|x64.ActiveCfg = Release|x86
		{137E18F7-77E9-40CF-B2F4-7BF99AA8C72A}.Template|x86.ActiveCfg = Release|x86
		{137E18F7-77E9-40CF-B2F4-7BF99AA8C72A}.Template|x86.Build.0 = Release|x86
		{4BF9523E-FE89-4752-9056-F09414734192}.Debug|Any CPU.ActiveCfg = Debug|Any CPU
		{4BF9523E-FE89-4752-9056-F09414734192}.Debug|Any CPU.Build.0 = Debug|Any CPU
		{4BF9523E-FE89-4752-9056-F09414734192}.Debug|Itanium.ActiveCfg = Debug|x64
		{4BF9523E-FE89-4752-9056-F09414734192}.Debug|Mixed Platforms.ActiveCfg = Debug|x64
		{4BF9523E-FE89-4752-9056-F09414734192}.Debug|Mixed Platforms.Build.0 = Debug|x64
		{4BF9523E-FE89-4752-9056-F09414734192}.Debug|Win32.ActiveCfg = Debug|x64
		{4BF9523E-FE89-4752-9056-F09414734192}.Debug|x64.ActiveCfg = Debug|x64
		{4BF9523E-FE89-4752-9056-F09414734192}.Debug|x64.Build.0 = Debug|x64
		{4BF9523E-FE89-4752-9056-F09414734192}.Debug|x86.ActiveCfg = Debug|x86
		{4BF9523E-FE89-4752-9056-F09414734192}.Debug|x86.Build.0 = Debug|x86
		{4BF9523E-FE89-4752-9056-F09414734192}.Release|Any CPU.ActiveCfg = Release|Any CPU
		{4BF9523E-FE89-4752-9056-F09414734192}.Release|Any CPU.Build.0 = Release|Any CPU
		{4BF9523E-FE89-4752-9056-F09414734192}.Release|Itanium.ActiveCfg = Release|x64
		{4BF9523E-FE89-4752-9056-F09414734192}.Release|Mixed Platforms.ActiveCfg = Release|x64
		{4BF9523E-FE89-4752-9056-F09414734192}.Release|Mixed Platforms.Build.0 = Release|x64
		{4BF9523E-FE89-4752-9056-F09414734192}.Release|Win32.ActiveCfg = Release|x64
		{4BF9523E-FE89-4752-9056-F09414734192}.Release|x64.ActiveCfg = Release|x64
		{4BF9523E-FE89-4752-9056-F09414734192}.Release|x64.Build.0 = Release|x64
		{4BF9523E-FE89-4752-9056-F09414734192}.Release|x86.ActiveCfg = Release|x86
		{4BF9523E-FE89-4752-9056-F09414734192}.Release|x86.Build.0 = Release|x86
		{4BF9523E-FE89-4752-9056-F09414734192}.Template|Any CPU.ActiveCfg = Release|x64
		{4BF9523E-FE89-4752-9056-F09414734192}.Template|Itanium.ActiveCfg = Release|x64
		{4BF9523E-FE89-4752-9056-F09414734192}.Template|Mixed Platforms.ActiveCfg = Release|x64
		{4BF9523E-FE89-4752-9056-F09414734192}.Template|Mixed Platforms.Build.0 = Release|x64
		{4BF9523E-FE89-4752-9056-F09414734192}.Template|Win32.ActiveCfg = Release|x64
		{4BF9523E-FE89-4752-9056-F09414734192}.Template|x64.ActiveCfg = Release|x64
		{4BF9523E-FE89-4752-9056-F09414734192}.Template|x64.Build.0 = Release|x64
		{4BF9523E-FE89-4752-9056-F09414734192}.Template|x86.ActiveCfg = Release|x64
	EndGlobalSection
	GlobalSection(SolutionProperties) = preSolution
		HideSolutionNode = FALSE
	EndGlobalSection
	GlobalSection(NestedProjects) = preSolution
		{C92E79FF-A41D-4D31-825B-62D5F74DFFFE} = {AC8943C3-0BE3-4AAF-A81B-CEB937AB1D83}
		{6F2A59BF-8C10-4F71-ADEC-7F25D684D99C} = {AC8943C3-0BE3-4AAF-A81B-CEB937AB1D83}
		{79D45592-C981-4CF7-A389-A1D304E50CB4} = {6F2A59BF-8C10-4F71-ADEC-7F25D684D99C}
		{C4F9D393-A689-44A0-9DC9-8D4575CA242E} = {6F2A59BF-8C10-4F71-ADEC-7F25D684D99C}
		{29136F7D-8434-4F3D-87EC-46EE385EFCB3} = {6F2A59BF-8C10-4F71-ADEC-7F25D684D99C}
	EndGlobalSection
	GlobalSection(SubversionScc) = preSolution
		Svn-Managed = True
		Manager = AnkhSVN - Subversion Support for Visual Studio
	EndGlobalSection
	GlobalSection(DPCodeReviewSolutionGUID) = preSolution
		DPCodeReviewSolutionGUID = {00000000-0000-0000-0000-000000000000}
	EndGlobalSection
EndGlobal
